// !$*UTF8*$!
{
	archiveVersion = 1;
	classes = {
	};
	objectVersion = 55;
	objects = {

/* Begin PBXBuildFile section */
		484A8F4F28AB9BC70050394E /* ConfigClientDecrypt.h in Headers */ = {isa = PBXBuildFile; fileRef = 484A8F4E28AB9BC70050394E /* ConfigClientDecrypt.h */; settings = {ATTRIBUTES = (Public, ); }; };
		484A8F5628AB9C970050394E /* AESDecrypt.swift in Sources */ = {isa = PBXBuildFile; fileRef = 484A8F5528AB9C970050394E /* AESDecrypt.swift */; };
		484A8F5828AB9EA00050394E /* EncryptionKeyProviding.swift in Sources */ = {isa = PBXBuildFile; fileRef = 484A8F5728AB9EA00050394E /* EncryptionKeyProviding.swift */; };
		484A8F5A28ABA0120050394E /* UInt8Array+Decryption.swift in Sources */ = {isa = PBXBuildFile; fileRef = 484A8F5928ABA0120050394E /* UInt8Array+Decryption.swift */; };
/* End PBXBuildFile section */

/* Begin PBXFileReference section */
		484A8F4B28AB9BC70050394E /* ConfigClientDecrypt.framework */ = {isa = PBXFileReference; explicitFileType = wrapper.framework; includeInIndex = 0; path = ConfigClientDecrypt.framework; sourceTree = BUILT_PRODUCTS_DIR; };
		484A8F4E28AB9BC70050394E /* ConfigClientDecrypt.h */ = {isa = PBXFileReference; lastKnownFileType = sourcecode.c.h; path = ConfigClientDecrypt.h; sourceTree = "<group>"; };
		484A8F5528AB9C970050394E /* AESDecrypt.swift */ = {isa = PBXFileReference; lastKnownFileType = sourcecode.swift; path = AESDecrypt.swift; sourceTree = "<group>"; };
		484A8F5728AB9EA00050394E /* EncryptionKeyProviding.swift */ = {isa = PBXFileReference; lastKnownFileType = sourcecode.swift; path = EncryptionKeyProviding.swift; sourceTree = "<group>"; };
		484A8F5928ABA0120050394E /* UInt8Array+Decryption.swift */ = {isa = PBXFileReference; lastKnownFileType = sourcecode.swift; path = "UInt8Array+Decryption.swift"; sourceTree = "<group>"; };
/* End PBXFileReference section */

/* Begin PBXFrameworksBuildPhase section */
		484A8F4828AB9BC70050394E /* Frameworks */ = {
			isa = PBXFrameworksBuildPhase;
			buildActionMask = 2147483647;
			files = (
			);
			runOnlyForDeploymentPostprocessing = 0;
		};
/* End PBXFrameworksBuildPhase section */

/* Begin PBXGroup section */
		484A8F4128AB9BC70050394E = {
			isa = PBXGroup;
			children = (
				484A8F4D28AB9BC70050394E /* ConfigClientDecrypt */,
				484A8F4C28AB9BC70050394E /* Products */,
			);
			sourceTree = "<group>";
		};
		484A8F4C28AB9BC70050394E /* Products */ = {
			isa = PBXGroup;
			children = (
				484A8F4B28AB9BC70050394E /* ConfigClientDecrypt.framework */,
			);
			name = Products;
			sourceTree = "<group>";
		};
		484A8F4D28AB9BC70050394E /* ConfigClientDecrypt */ = {
			isa = PBXGroup;
			children = (
				484A8F4E28AB9BC70050394E /* ConfigClientDecrypt.h */,
				484A8F5528AB9C970050394E /* AESDecrypt.swift */,
				484A8F5728AB9EA00050394E /* EncryptionKeyProviding.swift */,
				484A8F5928ABA0120050394E /* UInt8Array+Decryption.swift */,
			);
			path = ConfigClientDecrypt;
			sourceTree = "<group>";
		};
/* End PBXGroup section */

/* Begin PBXHeadersBuildPhase section */
		484A8F4628AB9BC70050394E /* Headers */ = {
			isa = PBXHeadersBuildPhase;
			buildActionMask = 2147483647;
			files = (
				484A8F4F28AB9BC70050394E /* ConfigClientDecrypt.h in Headers */,
			);
			runOnlyForDeploymentPostprocessing = 0;
		};
/* End PBXHeadersBuildPhase section */

/* Begin PBXNativeTarget section */
		484A8F4A28AB9BC70050394E /* ConfigClientDecrypt */ = {
			isa = PBXNativeTarget;
			buildConfigurationList = 484A8F5228AB9BC70050394E /* Build configuration list for PBXNativeTarget "ConfigClientDecrypt" */;
			buildPhases = (
				484A8F4628AB9BC70050394E /* Headers */,
				484A8F4728AB9BC70050394E /* Sources */,
				484A8F4828AB9BC70050394E /* Frameworks */,
				484A8F4928AB9BC70050394E /* Resources */,
			);
			buildRules = (
			);
			dependencies = (
			);
			name = ConfigClientDecrypt;
			productName = ConfigClientDecrypt;
			productReference = 484A8F4B28AB9BC70050394E /* ConfigClientDecrypt.framework */;
			productType = "com.apple.product-type.framework";
		};
/* End PBXNativeTarget section */

/* Begin PBXProject section */
		484A8F4228AB9BC70050394E /* Project object */ = {
			isa = PBXProject;
			attributes = {
				BuildIndependentTargetsInParallel = 1;
				LastUpgradeCheck = 1340;
				TargetAttributes = {
					484A8F4A28AB9BC70050394E = {
						CreatedOnToolsVersion = 13.4;
						LastSwiftMigration = 1340;
					};
				};
			};
			buildConfigurationList = 484A8F4528AB9BC70050394E /* Build configuration list for PBXProject "ConfigClientDecrypt" */;
			compatibilityVersion = "Xcode 13.0";
			developmentRegion = en;
			hasScannedForEncodings = 0;
			knownRegions = (
				en,
				Base,
			);
			mainGroup = 484A8F4128AB9BC70050394E;
			productRefGroup = 484A8F4C28AB9BC70050394E /* Products */;
			projectDirPath = "";
			projectRoot = "";
			targets = (
				484A8F4A28AB9BC70050394E /* ConfigClientDecrypt */,
			);
		};
/* End PBXProject section */

/* Begin PBXResourcesBuildPhase section */
		484A8F4928AB9BC70050394E /* Resources */ = {
			isa = PBXResourcesBuildPhase;
			buildActionMask = 2147483647;
			files = (
			);
			runOnlyForDeploymentPostprocessing = 0;
		};
/* End PBXResourcesBuildPhase section */

/* Begin PBXSourcesBuildPhase section */
		484A8F4728AB9BC70050394E /* Sources */ = {
			isa = PBXSourcesBuildPhase;
			buildActionMask = 2147483647;
			files = (
				484A8F5628AB9C970050394E /* AESDecrypt.swift in Sources */,
				484A8F5828AB9EA00050394E /* EncryptionKeyProviding.swift in Sources */,
				484A8F5A28ABA0120050394E /* UInt8Array+Decryption.swift in Sources */,
			);
			runOnlyForDeploymentPostprocessing = 0;
		};
/* End PBXSourcesBuildPhase section */

/* Begin XCBuildConfiguration section */
		484A8F5028AB9BC70050394E /* Debug */ = {
			isa = XCBuildConfiguration;
			buildSettings = {
				ALWAYS_SEARCH_USER_PATHS = NO;
				CLANG_ANALYZER_NONNULL = YES;
				CLANG_ANALYZER_NUMBER_OBJECT_CONVERSION = YES_AGGRESSIVE;
				CLANG_CXX_LANGUAGE_STANDARD = "gnu++17";
				CLANG_ENABLE_MODULES = YES;
				CLANG_ENABLE_OBJC_ARC = YES;
				CLANG_ENABLE_OBJC_WEAK = YES;
				CLANG_WARN_BLOCK_CAPTURE_AUTORELEASING = YES;
				CLANG_WARN_BOOL_CONVERSION = YES;
				CLANG_WARN_COMMA = YES;
				CLANG_WARN_CONSTANT_CONVERSION = YES;
				CLANG_WARN_DEPRECATED_OBJC_IMPLEMENTATIONS = YES;
				CLANG_WARN_DIRECT_OBJC_ISA_USAGE = YES_ERROR;
				CLANG_WARN_DOCUMENTATION_COMMENTS = YES;
				CLANG_WARN_EMPTY_BODY = YES;
				CLANG_WARN_ENUM_CONVERSION = YES;
				CLANG_WARN_INFINITE_RECURSION = YES;
				CLANG_WARN_INT_CONVERSION = YES;
				CLANG_WARN_NON_LITERAL_NULL_CONVERSION = YES;
				CLANG_WARN_OBJC_IMPLICIT_RETAIN_SELF = YES;
				CLANG_WARN_OBJC_LITERAL_CONVERSION = YES;
				CLANG_WARN_OBJC_ROOT_CLASS = YES_ERROR;
				CLANG_WARN_QUOTED_INCLUDE_IN_FRAMEWORK_HEADER = YES;
				CLANG_WARN_RANGE_LOOP_ANALYSIS = YES;
				CLANG_WARN_STRICT_PROTOTYPES = YES;
				CLANG_WARN_SUSPICIOUS_MOVE = YES;
				CLANG_WARN_UNGUARDED_AVAILABILITY = YES_AGGRESSIVE;
				CLANG_WARN_UNREACHABLE_CODE = YES;
				CLANG_WARN__DUPLICATE_METHOD_MATCH = YES;
				COPY_PHASE_STRIP = NO;
				CURRENT_PROJECT_VERSION = 1;
				DEBUG_INFORMATION_FORMAT = dwarf;
				ENABLE_STRICT_OBJC_MSGSEND = YES;
				ENABLE_TESTABILITY = YES;
				GCC_C_LANGUAGE_STANDARD = gnu11;
				GCC_DYNAMIC_NO_PIC = NO;
				GCC_NO_COMMON_BLOCKS = YES;
				GCC_OPTIMIZATION_LEVEL = 0;
				GCC_PREPROCESSOR_DEFINITIONS = (
					"DEBUG=1",
					"$(inherited)",
				);
				GCC_WARN_64_TO_32_BIT_CONVERSION = YES;
				GCC_WARN_ABOUT_RETURN_TYPE = YES_ERROR;
				GCC_WARN_UNDECLARED_SELECTOR = YES;
				GCC_WARN_UNINITIALIZED_AUTOS = YES_AGGRESSIVE;
				GCC_WARN_UNUSED_FUNCTION = YES;
				GCC_WARN_UNUSED_VARIABLE = YES;
				IPHONEOS_DEPLOYMENT_TARGET = 15.5;
				MTL_ENABLE_DEBUG_INFO = INCLUDE_SOURCE;
				MTL_FAST_MATH = YES;
				ONLY_ACTIVE_ARCH = YES;
				SDKROOT = iphoneos;
				SWIFT_ACTIVE_COMPILATION_CONDITIONS = DEBUG;
				SWIFT_OPTIMIZATION_LEVEL = "-Onone";
				VERSIONING_SYSTEM = "apple-generic";
				VERSION_INFO_PREFIX = "";
			};
			name = Debug;
		};
		484A8F5128AB9BC70050394E /* Release */ = {
			isa = XCBuildConfiguration;
			buildSettings = {
				ALWAYS_SEARCH_USER_PATHS = NO;
				CLANG_ANALYZER_NONNULL = YES;
				CLANG_ANALYZER_NUMBER_OBJECT_CONVERSION = YES_AGGRESSIVE;
				CLANG_CXX_LANGUAGE_STANDARD = "gnu++17";
				CLANG_ENABLE_MODULES = YES;
				CLANG_ENABLE_OBJC_ARC = YES;
				CLANG_ENABLE_OBJC_WEAK = YES;
				CLANG_WARN_BLOCK_CAPTURE_AUTORELEASING = YES;
				CLANG_WARN_BOOL_CONVERSION = YES;
				CLANG_WARN_COMMA = YES;
				CLANG_WARN_CONSTANT_CONVERSION = YES;
				CLANG_WARN_DEPRECATED_OBJC_IMPLEMENTATIONS = YES;
				CLANG_WARN_DIRECT_OBJC_ISA_USAGE = YES_ERROR;
				CLANG_WARN_DOCUMENTATION_COMMENTS = YES;
				CLANG_WARN_EMPTY_BODY = YES;
				CLANG_WARN_ENUM_CONVERSION = YES;
				CLANG_WARN_INFINITE_RECURSION = YES;
				CLANG_WARN_INT_CONVERSION = YES;
				CLANG_WARN_NON_LITERAL_NULL_CONVERSION = YES;
				CLANG_WARN_OBJC_IMPLICIT_RETAIN_SELF = YES;
				CLANG_WARN_OBJC_LITERAL_CONVERSION = YES;
				CLANG_WARN_OBJC_ROOT_CLASS = YES_ERROR;
				CLANG_WARN_QUOTED_INCLUDE_IN_FRAMEWORK_HEADER = YES;
				CLANG_WARN_RANGE_LOOP_ANALYSIS = YES;
				CLANG_WARN_STRICT_PROTOTYPES = YES;
				CLANG_WARN_SUSPICIOUS_MOVE = YES;
				CLANG_WARN_UNGUARDED_AVAILABILITY = YES_AGGRESSIVE;
				CLANG_WARN_UNREACHABLE_CODE = YES;
				CLANG_WARN__DUPLICATE_METHOD_MATCH = YES;
				COPY_PHASE_STRIP = NO;
				CURRENT_PROJECT_VERSION = 1;
				DEBUG_INFORMATION_FORMAT = "dwarf-with-dsym";
				ENABLE_NS_ASSERTIONS = NO;
				ENABLE_STRICT_OBJC_MSGSEND = YES;
				GCC_C_LANGUAGE_STANDARD = gnu11;
				GCC_NO_COMMON_BLOCKS = YES;
				GCC_WARN_64_TO_32_BIT_CONVERSION = YES;
				GCC_WARN_ABOUT_RETURN_TYPE = YES_ERROR;
				GCC_WARN_UNDECLARED_SELECTOR = YES;
				GCC_WARN_UNINITIALIZED_AUTOS = YES_AGGRESSIVE;
				GCC_WARN_UNUSED_FUNCTION = YES;
				GCC_WARN_UNUSED_VARIABLE = YES;
				IPHONEOS_DEPLOYMENT_TARGET = 15.5;
				MTL_ENABLE_DEBUG_INFO = NO;
				MTL_FAST_MATH = YES;
				SDKROOT = iphoneos;
				SWIFT_COMPILATION_MODE = wholemodule;
				SWIFT_OPTIMIZATION_LEVEL = "-O";
				VALIDATE_PRODUCT = YES;
				VERSIONING_SYSTEM = "apple-generic";
				VERSION_INFO_PREFIX = "";
			};
			name = Release;
		};
		484A8F5328AB9BC70050394E /* Debug */ = {
			isa = XCBuildConfiguration;
			buildSettings = {
				CLANG_ENABLE_MODULES = YES;
				CODE_SIGN_STYLE = Automatic;
				CURRENT_PROJECT_VERSION = 1;
				DEFINES_MODULE = YES;
				DYLIB_COMPATIBILITY_VERSION = 1;
				DYLIB_CURRENT_VERSION = 1;
				DYLIB_INSTALL_NAME_BASE = "@rpath";
				GENERATE_INFOPLIST_FILE = YES;
				INFOPLIST_KEY_NSHumanReadableCopyright = "";
				INSTALL_PATH = "$(LOCAL_LIBRARY_DIR)/Frameworks";
				IPHONEOS_DEPLOYMENT_TARGET = 12.0;
				"IPHONEOS_DEPLOYMENT_TARGET[sdk=macosx*]" = 13.1;
				LD_RUNPATH_SEARCH_PATHS = (
					"$(inherited)",
					"@executable_path/Frameworks",
					"@loader_path/Frameworks",
				);
				MARKETING_VERSION = 1.0;
				PRODUCT_BUNDLE_IDENTIFIER = com.wiggle.ConfigClientDecrypt;
				PRODUCT_NAME = "$(TARGET_NAME:c99extidentifier)";
				SKIP_INSTALL = YES;
				SUPPORTS_MAC_DESIGNED_FOR_IPHONE_IPAD = NO;
				SWIFT_EMIT_LOC_STRINGS = YES;
				SWIFT_OPTIMIZATION_LEVEL = "-Onone";
				SWIFT_VERSION = 5.0;
				TARGETED_DEVICE_FAMILY = "1,2";
			};
			name = Debug;
		};
		484A8F5428AB9BC70050394E /* Release */ = {
			isa = XCBuildConfiguration;
			buildSettings = {
				CLANG_ENABLE_MODULES = YES;
				CODE_SIGN_STYLE = Automatic;
				CURRENT_PROJECT_VERSION = 1;
				DEFINES_MODULE = YES;
				DYLIB_COMPATIBILITY_VERSION = 1;
				DYLIB_CURRENT_VERSION = 1;
				DYLIB_INSTALL_NAME_BASE = "@rpath";
				GENERATE_INFOPLIST_FILE = YES;
				INFOPLIST_KEY_NSHumanReadableCopyright = "";
				INSTALL_PATH = "$(LOCAL_LIBRARY_DIR)/Frameworks";
				IPHONEOS_DEPLOYMENT_TARGET = 12.0;
				"IPHONEOS_DEPLOYMENT_TARGET[sdk=macosx*]" = 13.1;
				LD_RUNPATH_SEARCH_PATHS = (
					"$(inherited)",
					"@executable_path/Frameworks",
					"@loader_path/Frameworks",
				);
				MARKETING_VERSION = 1.0;
				PRODUCT_BUNDLE_IDENTIFIER = com.wiggle.ConfigClientDecrypt;
				PRODUCT_NAME = "$(TARGET_NAME:c99extidentifier)";
				SKIP_INSTALL = YES;
				SUPPORTS_MAC_DESIGNED_FOR_IPHONE_IPAD = NO;
				SWIFT_EMIT_LOC_STRINGS = YES;
				SWIFT_VERSION = 5.0;
				TARGETED_DEVICE_FAMILY = "1,2";
			};
			name = Release;
		};
/* End XCBuildConfiguration section */

/* Begin XCConfigurationList section */
		484A8F4528AB9BC70050394E /* Build configuration list for PBXProject "ConfigClientDecrypt" */ = {
			isa = XCConfigurationList;
			buildConfigurations = (
				484A8F5028AB9BC70050394E /* Debug */,
				484A8F5128AB9BC70050394E /* Release */,
			);
			defaultConfigurationIsVisible = 0;
			defaultConfigurationName = Release;
		};
		484A8F5228AB9BC70050394E /* Build configuration list for PBXNativeTarget "ConfigClientDecrypt" */ = {
			isa = XCConfigurationList;
			buildConfigurations = (
				484A8F5328AB9BC70050394E /* Debug */,
				484A8F5428AB9BC70050394E /* Release */,
			);
			defaultConfigurationIsVisible = 0;
			defaultConfigurationName = Release;
		};
/* End XCConfigurationList section */
	};
	rootObject = 484A8F4228AB9BC70050394E /* Project object */;
}
